
Microsoft Visual Studio Solution File, Format Version 12.00
# Visual Studio 14
VisualStudioVersion = 14.0.25420.1
MinimumVisualStudioVersion = 10.0.40219.1
Project("{FAE04EC0-301F-11D3-BF4B-00C04F79EFBC}") = "KelimeUzmani.Web", "KelimeUzmani.Web\KelimeUzmani.Web.csproj", "{0A59C2FD-4742-42FB-BA04-1DAD1E58AC32}"
EndProject
Project("{2150E333-8FDC-42A3-9474-1A3956D46DE8}") = "Data", "Data", "{C2C5CAD1-B720-4A90-A6AC-82905AB32F5B}"
EndProject
Project("{2150E333-8FDC-42A3-9474-1A3956D46DE8}") = "Business", "Business", "{96CAE709-101C-47AF-A00C-2C7175730E3E}"
EndProject
Project("{2150E333-8FDC-42A3-9474-1A3956D46DE8}") = "Presentation", "Presentation", "{C0AD9F2A-B5A7-4D91-9B51-D54764D59A96}"
EndProject
Project("{FAE04EC0-301F-11D3-BF4B-00C04F79EFBC}") = "KelimeUzmani.DataAccess", "KelimeUzmani.DataAccess\KelimeUzmani.DataAccess.csproj", "{08F65E1A-AF16-4117-A0D9-0C46F8A4FAF4}"
EndProject
Project("{FAE04EC0-301F-11D3-BF4B-00C04F79EFBC}") = "KelimeUzmani.Entity", "KelimeUzmani.Entity\KelimeUzmani.Entity.csproj", "{3311B53C-6E80-4653-87AF-22143145B9EB}"
EndProject
Project("{FAE04EC0-301F-11D3-BF4B-00C04F79EFBC}") = "KelimeUzmani.Repository", "KelimeUzmani.Repository\KelimeUzmani.Repository.csproj", "{DDFEE802-0B55-4FB4-9A38-7F42C7F9E308}"
EndProject
Project("{FAE04EC0-301F-11D3-BF4B-00C04F79EFBC}") = "KelimeUzmani.UnitOfWork", "KelimeUzmani.UnitOfWork\KelimeUzmani.UnitOfWork.csproj", "{92804CAE-2CAE-471B-8C70-47369979D973}"
EndProject
Project("{FAE04EC0-301F-11D3-BF4B-00C04F79EFBC}") = "KelimeUzmani.Web.Simple", "KelimeUzmani.Web.Simple\KelimeUzmani.Web.Simple.csproj", "{14B82A50-999F-4551-A4B2-126D1622AAAB}"
EndProject
Project("{2150E333-8FDC-42A3-9474-1A3956D46DE8}") = "Tools", "Tools", "{991D524F-1018-4461-B550-6F485A69FF62}"
EndProject
Project("{FAE04EC0-301F-11D3-BF4B-00C04F79EFBC}") = "WindowsFormsApplication1", "WindowsFormsApplication1\WindowsFormsApplication1.csproj", "{2E89C804-D7EE-4075-BA49-AE82879EC0A3}"
EndProject
Global
	GlobalSection(SolutionConfigurationPlatforms) = preSolution
		Debug|Any CPU = Debug|Any CPU
		Release|Any CPU = Release|Any CPU
	EndGlobalSection
	GlobalSection(ProjectConfigurationPlatforms) = postSolution
		{0A59C2FD-4742-42FB-BA04-1DAD1E58AC32}.Debug|Any CPU.ActiveCfg = Debug|Any CPU
		{0A59C2FD-4742-42FB-BA04-1DAD1E58AC32}.Debug|Any CPU.Build.0 = Debug|Any CPU
		{0A59C2FD-4742-42FB-BA04-1DAD1E58AC32}.Release|Any CPU.ActiveCfg = Release|Any CPU
		{0A59C2FD-4742-42FB-BA04-1DAD1E58AC32}.Release|Any CPU.Build.0 = Release|Any CPU
		{08F65E1A-AF16-4117-A0D9-0C46F8A4FAF4}.Debug|Any CPU.ActiveCfg = Debug|Any CPU
		{08F65E1A-AF16-4117-A0D9-0C46F8A4FAF4}.Debug|Any CPU.Build.0 = Debug|Any CPU
		{08F65E1A-AF16-4117-A0D9-0C46F8A4FAF4}.Release|Any CPU.ActiveCfg = Release|Any CPU
		{08F65E1A-AF16-4117-A0D9-0C46F8A4FAF4}.Release|Any CPU.Build.0 = Release|Any CPU
		{3311B53C-6E80-4653-87AF-22143145B9EB}.Debug|Any CPU.ActiveCfg = Debug|Any CPU
		{3311B53C-6E80-4653-87AF-22143145B9EB}.Debug|Any CPU.Build.0 = Debug|Any CPU
		{3311B53C-6E80-4653-87AF-22143145B9EB}.Release|Any CPU.ActiveCfg = Release|Any CPU
		{3311B53C-6E80-4653-87AF-22143145B9EB}.Release|Any CPU.Build.0 = Release|Any CPU
		{DDFEE802-0B55-4FB4-9A38-7F42C7F9E308}.Debug|Any CPU.ActiveCfg = Debug|Any CPU
		{DDFEE802-0B55-4FB4-9A38-7F42C7F9E308}.Debug|Any CPU.Build.0 = Debug|Any CPU
		{DDFEE802-0B55-4FB4-9A38-7F42C7F9E308}.Release|Any CPU.ActiveCfg = Release|Any CPU
		{DDFEE802-0B55-4FB4-9A38-7F42C7F9E308}.Release|Any CPU.Build.0 = Release|Any CPU
		{92804CAE-2CAE-471B-8C70-47369979D973}.Debug|Any CPU.ActiveCfg = Debug|Any CPU
		{92804CAE-2CAE-471B-8C70-47369979D973}.Debug|Any CPU.Build.0 = Debug|Any CPU
		{92804CAE-2CAE-471B-8C70-47369979D973}.Release|Any CPU.ActiveCfg = Release|Any CPU
		{92804CAE-2CAE-471B-8C70-47369979D973}.Release|Any CPU.Build.0 = Release|Any CPU
		{14B82A50-999F-4551-A4B2-126D1622AAAB}.Debug|Any CPU.ActiveCfg = Debug|Any CPU
		{14B82A50-999F-4551-A4B2-126D1622AAAB}.Debug|Any CPU.Build.0 = Debug|Any CPU
		{14B82A50-999F-4551-A4B2-126D1622AAAB}.Release|Any CPU.ActiveCfg = Release|Any CPU
		{14B82A50-999F-4551-A4B2-126D1622AAAB}.Release|Any CPU.Build.0 = Release|Any CPU
		{2E89C804-D7EE-4075-BA49-AE82879EC0A3}.Debug|Any CPU.ActiveCfg = Debug|Any CPU
		{2E89C804-D7EE-4075-BA49-AE82879EC0A3}.Debug|Any CPU.Build.0 = Debug|Any CPU
		{2E89C804-D7EE-4075-BA49-AE82879EC0A3}.Release|Any CPU.ActiveCfg = Release|Any CPU
		{2E89C804-D7EE-4075-BA49-AE82879EC0A3}.Release|Any CPU.Build.0 = Release|Any CPU
	EndGlobalSection
	GlobalSection(SolutionProperties) = preSolution
		HideSolutionNode = FALSE
	EndGlobalSection
	GlobalSection(NestedProjects) = preSolution
		{0A59C2FD-4742-42FB-BA04-1DAD1E58AC32} = {C0AD9F2A-B5A7-4D91-9B51-D54764D59A96}
		{08F65E1A-AF16-4117-A0D9-0C46F8A4FAF4} = {C2C5CAD1-B720-4A90-A6AC-82905AB32F5B}
		{3311B53C-6E80-4653-87AF-22143145B9EB} = {C2C5CAD1-B720-4A90-A6AC-82905AB32F5B}
		{DDFEE802-0B55-4FB4-9A38-7F42C7F9E308} = {96CAE709-101C-47AF-A00C-2C7175730E3E}
		{92804CAE-2CAE-471B-8C70-47369979D973} = {96CAE709-101C-47AF-A00C-2C7175730E3E}
		{14B82A50-999F-4551-A4B2-126D1622AAAB} = {C0AD9F2A-B5A7-4D91-9B51-D54764D59A96}
		{2E89C804-D7EE-4075-BA49-AE82879EC0A3} = {991D524F-1018-4461-B550-6F485A69FF62}
	EndGlobalSection
EndGlobal
